
Microsoft Visual Studio Solution File, Format Version 12.00
# Visual Studio 2012
Project("{FAE04EC0-301F-11D3-BF4B-00C04F79EFBC}") = "Sample", "Sample\Sample.csproj", "{EBF331A8-82AA-4E6E-8D85-65340A1385DD}"
EndProject
Global
	GlobalSection(SolutionConfigurationPlatforms) = preSolution
		Debug|iPhoneSimulator = Debug|iPhoneSimulator
		Release|iPhoneSimulator = Release|iPhoneSimulator
		Debug|iPhone = Debug|iPhone
		Release|iPhone = Release|iPhone
		Ad-Hoc|iPhone = Ad-Hoc|iPhone
		AppStore|iPhone = AppStore|iPhone
	EndGlobalSection
	GlobalSection(ProjectConfigurationPlatforms) = postSolution
		{3B421095-CEB2-4BCB-85F3-5F73505334C7}.Ad-Hoc|iPhone.ActiveCfg = Release|Any CPU
		{3B421095-CEB2-4BCB-85F3-5F73505334C7}.Ad-Hoc|iPhone.Build.0 = Release|Any CPU
		{3B421095-CEB2-4BCB-85F3-5F73505334C7}.AppStore|iPhone.ActiveCfg = Release|Any CPU
		{3B421095-CEB2-4BCB-85F3-5F73505334C7}.AppStore|iPhone.Build.0 = Release|Any CPU
		{3B421095-CEB2-4BCB-85F3-5F73505334C7}.Debug|iPhone.ActiveCfg = Debug|Any CPU
		{3B421095-CEB2-4BCB-85F3-5F73505334C7}.Debug|iPhone.Build.0 = Debug|Any CPU
		{3B421095-CEB2-4BCB-85F3-5F73505334C7}.Debug|iPhoneSimulator.ActiveCfg = Debug|Any CPU
		{3B421095-CEB2-4BCB-85F3-5F73505334C7}.Debug|iPhoneSimulator.Build.0 = Debug|Any CPU
		{3B421095-CEB2-4BCB-85F3-5F73505334C7}.Release|iPhone.ActiveCfg = Release|Any CPU
		{3B421095-CEB2-4BCB-85F3-5F73505334C7}.Release|iPhone.Build.0 = Release|Any CPU
		{3B421095-CEB2-4BCB-85F3-5F73505334C7}.Release|iPhoneSimulator.ActiveCfg = Release|Any CPU
		{3B421095-CEB2-4BCB-85F3-5F73505334C7}.Release|iPhoneSimulator.Build.0 = Release|Any CPU
		{EBF331A8-82AA-4E6E-8D85-65340A1385DD}.Ad-Hoc|iPhone.ActiveCfg = Ad-Hoc|iPhone
		{EBF331A8-82AA-4E6E-8D85-65340A1385DD}.Ad-Hoc|iPhone.Build.0 = Ad-Hoc|iPhone
		{EBF331A8-82AA-4E6E-8D85-65340A1385DD}.AppStore|iPhone.ActiveCfg = AppStore|iPhone
		{EBF331A8-82AA-4E6E-8D85-65340A1385DD}.AppStore|iPhone.Build.0 = AppStore|iPhone
		{EBF331A8-82AA-4E6E-8D85-65340A1385DD}.Debug|iPhone.ActiveCfg = Debug|iPhone
		{EBF331A8-82AA-4E6E-8D85-65340A1385DD}.Debug|iPhone.Build.0 = Debug|iPhone
		{EBF331A8-82AA-4E6E-8D85-65340A1385DD}.Debug|iPhoneSimulator.ActiveCfg = Debug|iPhoneSimulator
		{EBF331A8-82AA-4E6E-8D85-65340A1385DD}.Debug|iPhoneSimulator.Build.0 = Debug|iPhoneSimulator
		{EBF331A8-82AA-4E6E-8D85-65340A1385DD}.Release|iPhone.ActiveCfg = Release|iPhone
		{EBF331A8-82AA-4E6E-8D85-65340A1385DD}.Release|iPhone.Build.0 = Release|iPhone
		{EBF331A8-82AA-4E6E-8D85-65340A1385DD}.Release|iPhoneSimulator.ActiveCfg = Release|iPhoneSimulator
		{EBF331A8-82AA-4E6E-8D85-65340A1385DD}.Release|iPhoneSimulator.Build.0 = Release|iPhoneSimulator
	EndGlobalSection
	GlobalSection(MonoDevelopProperties) = preSolution
		StartupItem = Sample\Sample.csproj
	EndGlobalSection
EndGlobal
